// !$*UTF8*$!
{
	archiveVersion = 1;
	classes = {
	};
	objectVersion = 56;
	objects = {

/* Begin PBXBuildFile section */
		320537822A3EEF52001B0946 /* MenuBar.swift in Sources */ = {isa = PBXBuildFile; fileRef = 320537812A3EEF52001B0946 /* MenuBar.swift */; };
		3215F7082A3C2B7300771F8E /* PokemonCell.swift in Sources */ = {isa = PBXBuildFile; fileRef = 3215F7072A3C2B7300771F8E /* PokemonCell.swift */; };
		3215F70A2A3C2C2F00771F8E /* Constants.swift in Sources */ = {isa = PBXBuildFile; fileRef = 3215F7092A3C2C2F00771F8E /* Constants.swift */; };
		323301F82A4042C500B97CCE /* NetworkLayer.swift in Sources */ = {isa = PBXBuildFile; fileRef = 323301F72A4042C500B97CCE /* NetworkLayer.swift */; };
		3248177D2A3EFD30004A9762 /* MenuBarCell.swift in Sources */ = {isa = PBXBuildFile; fileRef = 3248177C2A3EFD30004A9762 /* MenuBarCell.swift */; };
		324A668F2A3C502100E3254B /* Roboto-Thin.ttf in Resources */ = {isa = PBXBuildFile; fileRef = 324A66832A3C502100E3254B /* Roboto-Thin.ttf */; };
		324A66902A3C502100E3254B /* Roboto-ThinItalic.ttf in Resources */ = {isa = PBXBuildFile; fileRef = 324A66842A3C502100E3254B /* Roboto-ThinItalic.ttf */; };
		324A66912A3C502100E3254B /* Roboto-BoldItalic.ttf in Resources */ = {isa = PBXBuildFile; fileRef = 324A66852A3C502100E3254B /* Roboto-BoldItalic.ttf */; };
		324A66922A3C502100E3254B /* Roboto-Italic.ttf in Resources */ = {isa = PBXBuildFile; fileRef = 324A66862A3C502100E3254B /* Roboto-Italic.ttf */; };
		324A66932A3C502100E3254B /* Roboto-Medium.ttf in Resources */ = {isa = PBXBuildFile; fileRef = 324A66872A3C502100E3254B /* Roboto-Medium.ttf */; };
		324A66942A3C502100E3254B /* Roboto-MediumItalic.ttf in Resources */ = {isa = PBXBuildFile; fileRef = 324A66882A3C502100E3254B /* Roboto-MediumItalic.ttf */; };
		324A66952A3C502100E3254B /* Roboto-Black.ttf in Resources */ = {isa = PBXBuildFile; fileRef = 324A66892A3C502100E3254B /* Roboto-Black.ttf */; };
		324A66962A3C502100E3254B /* Roboto-Light.ttf in Resources */ = {isa = PBXBuildFile; fileRef = 324A668A2A3C502100E3254B /* Roboto-Light.ttf */; };
		324A66972A3C502100E3254B /* Roboto-Bold.ttf in Resources */ = {isa = PBXBuildFile; fileRef = 324A668B2A3C502100E3254B /* Roboto-Bold.ttf */; };
		324A66982A3C502100E3254B /* Roboto-LightItalic.ttf in Resources */ = {isa = PBXBuildFile; fileRef = 324A668C2A3C502100E3254B /* Roboto-LightItalic.ttf */; };
		324A66992A3C502100E3254B /* Roboto-BlackItalic.ttf in Resources */ = {isa = PBXBuildFile; fileRef = 324A668D2A3C502100E3254B /* Roboto-BlackItalic.ttf */; };
		324A669A2A3C502100E3254B /* Roboto-Regular.ttf in Resources */ = {isa = PBXBuildFile; fileRef = 324A668E2A3C502100E3254B /* Roboto-Regular.ttf */; };
		324A669C2A3C510400E3254B /* Fonts.swift in Sources */ = {isa = PBXBuildFile; fileRef = 324A669B2A3C510400E3254B /* Fonts.swift */; };
		324A669E2A3C5E1900E3254B /* AllPokemonsModel.swift in Sources */ = {isa = PBXBuildFile; fileRef = 324A669D2A3C5E1900E3254B /* AllPokemonsModel.swift */; };
		324A66A02A3C6D2500E3254B /* PokemonViewModel.swift in Sources */ = {isa = PBXBuildFile; fileRef = 324A669F2A3C6D2500E3254B /* PokemonViewModel.swift */; };
		324A66A22A3C6E5700E3254B /* ErrorModel.swift in Sources */ = {isa = PBXBuildFile; fileRef = 324A66A12A3C6E5700E3254B /* ErrorModel.swift */; };
		324A66A42A3C737800E3254B /* PokemonTypes.swift in Sources */ = {isa = PBXBuildFile; fileRef = 324A66A32A3C737800E3254B /* PokemonTypes.swift */; };
		326C732E2A3B34000014B293 /* PokemonsViewController.swift in Sources */ = {isa = PBXBuildFile; fileRef = 326C732D2A3B34000014B293 /* PokemonsViewController.swift */; };
		326C73302A3B34090014B293 /* PokemonsPresenter.swift in Sources */ = {isa = PBXBuildFile; fileRef = 326C732F2A3B34090014B293 /* PokemonsPresenter.swift */; };
		326C73322A3B340F0014B293 /* PokemonsInteractor.swift in Sources */ = {isa = PBXBuildFile; fileRef = 326C73312A3B340F0014B293 /* PokemonsInteractor.swift */; };
		326C73342A3B34130014B293 /* PokemonsRouter.swift in Sources */ = {isa = PBXBuildFile; fileRef = 326C73332A3B34130014B293 /* PokemonsRouter.swift */; };
		326C73362A3B34190014B293 /* PokemonsModuleBuilder.swift in Sources */ = {isa = PBXBuildFile; fileRef = 326C73352A3B34190014B293 /* PokemonsModuleBuilder.swift */; };
		326C73382A3B341E0014B293 /* PokemonsProtocols.swift in Sources */ = {isa = PBXBuildFile; fileRef = 326C73372A3B341E0014B293 /* PokemonsProtocols.swift */; };
		326C733A2A3B36A90014B293 /* PokemonModel.swift in Sources */ = {isa = PBXBuildFile; fileRef = 326C73392A3B36A90014B293 /* PokemonModel.swift */; };
		327A49D92A401ECF006C3ED3 /* AboutViewCell.swift in Sources */ = {isa = PBXBuildFile; fileRef = 327A49D82A401ECF006C3ED3 /* AboutViewCell.swift */; };
		327A49DB2A401EEA006C3ED3 /* BaseStatsViewCell.swift in Sources */ = {isa = PBXBuildFile; fileRef = 327A49DA2A401EEA006C3ED3 /* BaseStatsViewCell.swift */; };
		327A49DD2A401F29006C3ED3 /* EvolutionViewCell.swift in Sources */ = {isa = PBXBuildFile; fileRef = 327A49DC2A401F29006C3ED3 /* EvolutionViewCell.swift */; };
		327A49DF2A401F3D006C3ED3 /* MovesViewCell.swift in Sources */ = {isa = PBXBuildFile; fileRef = 327A49DE2A401F3D006C3ED3 /* MovesViewCell.swift */; };
		3281DF6C2A3DBFC400081CEA /* DetailedPokemonViewController.swift in Sources */ = {isa = PBXBuildFile; fileRef = 3281DF6B2A3DBFC400081CEA /* DetailedPokemonViewController.swift */; };
		3281DF6E2A3DBFD000081CEA /* DetailedPokemonPresenter.swift in Sources */ = {isa = PBXBuildFile; fileRef = 3281DF6D2A3DBFD000081CEA /* DetailedPokemonPresenter.swift */; };
		3281DF702A3DBFD600081CEA /* DetailedPokemonInteractor.swift in Sources */ = {isa = PBXBuildFile; fileRef = 3281DF6F2A3DBFD600081CEA /* DetailedPokemonInteractor.swift */; };
		3281DF722A3DBFDC00081CEA /* DetailedPokemonRouter.swift in Sources */ = {isa = PBXBuildFile; fileRef = 3281DF712A3DBFDC00081CEA /* DetailedPokemonRouter.swift */; };
		3281DF742A3DBFE200081CEA /* DetailedPokemonModuleBuilder.swift in Sources */ = {isa = PBXBuildFile; fileRef = 3281DF732A3DBFE200081CEA /* DetailedPokemonModuleBuilder.swift */; };
		3281DF762A3DBFF200081CEA /* DetailedPokemonProtocols.swift in Sources */ = {isa = PBXBuildFile; fileRef = 3281DF752A3DBFF200081CEA /* DetailedPokemonProtocols.swift */; };
		32C200492A3B2EF3006E0DBB /* AppDelegate.swift in Sources */ = {isa = PBXBuildFile; fileRef = 32C200482A3B2EF3006E0DBB /* AppDelegate.swift */; };
		32C2004B2A3B2EF3006E0DBB /* SceneDelegate.swift in Sources */ = {isa = PBXBuildFile; fileRef = 32C2004A2A3B2EF3006E0DBB /* SceneDelegate.swift */; };
		32C200522A3B2EF4006E0DBB /* Assets.xcassets in Resources */ = {isa = PBXBuildFile; fileRef = 32C200512A3B2EF4006E0DBB /* Assets.xcassets */; };
		32DFE00A2A4068BF0068CAA1 /* PokemonStats.swift in Sources */ = {isa = PBXBuildFile; fileRef = 32DFE0092A4068BF0068CAA1 /* PokemonStats.swift */; };
		A5FC94A4831BE5EB97D69C1E /* Pods_Pokedex.framework in Frameworks */ = {isa = PBXBuildFile; fileRef = 93FEB5016BA5ED953C8345DE /* Pods_Pokedex.framework */; };
/* End PBXBuildFile section */

/* Begin PBXFileReference section */
		320537812A3EEF52001B0946 /* MenuBar.swift */ = {isa = PBXFileReference; lastKnownFileType = sourcecode.swift; path = MenuBar.swift; sourceTree = "<group>"; };
		3215F7072A3C2B7300771F8E /* PokemonCell.swift */ = {isa = PBXFileReference; lastKnownFileType = sourcecode.swift; path = PokemonCell.swift; sourceTree = "<group>"; };
		3215F7092A3C2C2F00771F8E /* Constants.swift */ = {isa = PBXFileReference; lastKnownFileType = sourcecode.swift; path = Constants.swift; sourceTree = "<group>"; };
		323301F72A4042C500B97CCE /* NetworkLayer.swift */ = {isa = PBXFileReference; lastKnownFileType = sourcecode.swift; path = NetworkLayer.swift; sourceTree = "<group>"; };
		3248177C2A3EFD30004A9762 /* MenuBarCell.swift */ = {isa = PBXFileReference; lastKnownFileType = sourcecode.swift; path = MenuBarCell.swift; sourceTree = "<group>"; };
		324A66832A3C502100E3254B /* Roboto-Thin.ttf */ = {isa = PBXFileReference; lastKnownFileType = file; path = "Roboto-Thin.ttf"; sourceTree = "<group>"; };
		324A66842A3C502100E3254B /* Roboto-ThinItalic.ttf */ = {isa = PBXFileReference; lastKnownFileType = file; path = "Roboto-ThinItalic.ttf"; sourceTree = "<group>"; };
		324A66852A3C502100E3254B /* Roboto-BoldItalic.ttf */ = {isa = PBXFileReference; lastKnownFileType = file; path = "Roboto-BoldItalic.ttf"; sourceTree = "<group>"; };
		324A66862A3C502100E3254B /* Roboto-Italic.ttf */ = {isa = PBXFileReference; lastKnownFileType = file; path = "Roboto-Italic.ttf"; sourceTree = "<group>"; };
		324A66872A3C502100E3254B /* Roboto-Medium.ttf */ = {isa = PBXFileReference; lastKnownFileType = file; path = "Roboto-Medium.ttf"; sourceTree = "<group>"; };
		324A66882A3C502100E3254B /* Roboto-MediumItalic.ttf */ = {isa = PBXFileReference; lastKnownFileType = file; path = "Roboto-MediumItalic.ttf"; sourceTree = "<group>"; };
		324A66892A3C502100E3254B /* Roboto-Black.ttf */ = {isa = PBXFileReference; lastKnownFileType = file; path = "Roboto-Black.ttf"; sourceTree = "<group>"; };
		324A668A2A3C502100E3254B /* Roboto-Light.ttf */ = {isa = PBXFileReference; lastKnownFileType = file; path = "Roboto-Light.ttf"; sourceTree = "<group>"; };
		324A668B2A3C502100E3254B /* Roboto-Bold.ttf */ = {isa = PBXFileReference; lastKnownFileType = file; path = "Roboto-Bold.ttf"; sourceTree = "<group>"; };
		324A668C2A3C502100E3254B /* Roboto-LightItalic.ttf */ = {isa = PBXFileReference; lastKnownFileType = file; path = "Roboto-LightItalic.ttf"; sourceTree = "<group>"; };
		324A668D2A3C502100E3254B /* Roboto-BlackItalic.ttf */ = {isa = PBXFileReference; lastKnownFileType = file; path = "Roboto-BlackItalic.ttf"; sourceTree = "<group>"; };
		324A668E2A3C502100E3254B /* Roboto-Regular.ttf */ = {isa = PBXFileReference; lastKnownFileType = file; path = "Roboto-Regular.ttf"; sourceTree = "<group>"; };
		324A669B2A3C510400E3254B /* Fonts.swift */ = {isa = PBXFileReference; lastKnownFileType = sourcecode.swift; path = Fonts.swift; sourceTree = "<group>"; };
		324A669D2A3C5E1900E3254B /* AllPokemonsModel.swift */ = {isa = PBXFileReference; lastKnownFileType = sourcecode.swift; path = AllPokemonsModel.swift; sourceTree = "<group>"; };
		324A669F2A3C6D2500E3254B /* PokemonViewModel.swift */ = {isa = PBXFileReference; lastKnownFileType = sourcecode.swift; path = PokemonViewModel.swift; sourceTree = "<group>"; };
		324A66A12A3C6E5700E3254B /* ErrorModel.swift */ = {isa = PBXFileReference; lastKnownFileType = sourcecode.swift; path = ErrorModel.swift; sourceTree = "<group>"; };
		324A66A32A3C737800E3254B /* PokemonTypes.swift */ = {isa = PBXFileReference; lastKnownFileType = sourcecode.swift; path = PokemonTypes.swift; sourceTree = "<group>"; };
		326C732D2A3B34000014B293 /* PokemonsViewController.swift */ = {isa = PBXFileReference; lastKnownFileType = sourcecode.swift; path = PokemonsViewController.swift; sourceTree = "<group>"; };
		326C732F2A3B34090014B293 /* PokemonsPresenter.swift */ = {isa = PBXFileReference; lastKnownFileType = sourcecode.swift; path = PokemonsPresenter.swift; sourceTree = "<group>"; };
		326C73312A3B340F0014B293 /* PokemonsInteractor.swift */ = {isa = PBXFileReference; lastKnownFileType = sourcecode.swift; path = PokemonsInteractor.swift; sourceTree = "<group>"; };
		326C73332A3B34130014B293 /* PokemonsRouter.swift */ = {isa = PBXFileReference; lastKnownFileType = sourcecode.swift; path = PokemonsRouter.swift; sourceTree = "<group>"; };
		326C73352A3B34190014B293 /* PokemonsModuleBuilder.swift */ = {isa = PBXFileReference; lastKnownFileType = sourcecode.swift; path = PokemonsModuleBuilder.swift; sourceTree = "<group>"; };
		326C73372A3B341E0014B293 /* PokemonsProtocols.swift */ = {isa = PBXFileReference; lastKnownFileType = sourcecode.swift; path = PokemonsProtocols.swift; sourceTree = "<group>"; };
		326C73392A3B36A90014B293 /* PokemonModel.swift */ = {isa = PBXFileReference; lastKnownFileType = sourcecode.swift; path = PokemonModel.swift; sourceTree = "<group>"; };
		327A49D82A401ECF006C3ED3 /* AboutViewCell.swift */ = {isa = PBXFileReference; lastKnownFileType = sourcecode.swift; path = AboutViewCell.swift; sourceTree = "<group>"; };
		327A49DA2A401EEA006C3ED3 /* BaseStatsViewCell.swift */ = {isa = PBXFileReference; lastKnownFileType = sourcecode.swift; path = BaseStatsViewCell.swift; sourceTree = "<group>"; };
		327A49DC2A401F29006C3ED3 /* EvolutionViewCell.swift */ = {isa = PBXFileReference; lastKnownFileType = sourcecode.swift; path = EvolutionViewCell.swift; sourceTree = "<group>"; };
		327A49DE2A401F3D006C3ED3 /* MovesViewCell.swift */ = {isa = PBXFileReference; lastKnownFileType = sourcecode.swift; path = MovesViewCell.swift; sourceTree = "<group>"; };
		3281DF6B2A3DBFC400081CEA /* DetailedPokemonViewController.swift */ = {isa = PBXFileReference; lastKnownFileType = sourcecode.swift; path = DetailedPokemonViewController.swift; sourceTree = "<group>"; };
		3281DF6D2A3DBFD000081CEA /* DetailedPokemonPresenter.swift */ = {isa = PBXFileReference; lastKnownFileType = sourcecode.swift; path = DetailedPokemonPresenter.swift; sourceTree = "<group>"; };
		3281DF6F2A3DBFD600081CEA /* DetailedPokemonInteractor.swift */ = {isa = PBXFileReference; lastKnownFileType = sourcecode.swift; path = DetailedPokemonInteractor.swift; sourceTree = "<group>"; };
		3281DF712A3DBFDC00081CEA /* DetailedPokemonRouter.swift */ = {isa = PBXFileReference; lastKnownFileType = sourcecode.swift; path = DetailedPokemonRouter.swift; sourceTree = "<group>"; };
		3281DF732A3DBFE200081CEA /* DetailedPokemonModuleBuilder.swift */ = {isa = PBXFileReference; lastKnownFileType = sourcecode.swift; path = DetailedPokemonModuleBuilder.swift; sourceTree = "<group>"; };
		3281DF752A3DBFF200081CEA /* DetailedPokemonProtocols.swift */ = {isa = PBXFileReference; lastKnownFileType = sourcecode.swift; path = DetailedPokemonProtocols.swift; sourceTree = "<group>"; };
		32C200452A3B2EF3006E0DBB /* Pokedex.app */ = {isa = PBXFileReference; explicitFileType = wrapper.application; includeInIndex = 0; path = Pokedex.app; sourceTree = BUILT_PRODUCTS_DIR; };
		32C200482A3B2EF3006E0DBB /* AppDelegate.swift */ = {isa = PBXFileReference; lastKnownFileType = sourcecode.swift; path = AppDelegate.swift; sourceTree = "<group>"; };
		32C2004A2A3B2EF3006E0DBB /* SceneDelegate.swift */ = {isa = PBXFileReference; lastKnownFileType = sourcecode.swift; path = SceneDelegate.swift; sourceTree = "<group>"; };
		32C200512A3B2EF4006E0DBB /* Assets.xcassets */ = {isa = PBXFileReference; lastKnownFileType = folder.assetcatalog; path = Assets.xcassets; sourceTree = "<group>"; };
		32C200562A3B2EF4006E0DBB /* Info.plist */ = {isa = PBXFileReference; lastKnownFileType = text.plist.xml; path = Info.plist; sourceTree = "<group>"; };
		32DFE0092A4068BF0068CAA1 /* PokemonStats.swift */ = {isa = PBXFileReference; lastKnownFileType = sourcecode.swift; path = PokemonStats.swift; sourceTree = "<group>"; };
		49A05CF10AEFB60AB5090B3E /* Pods-Pokedex.release.xcconfig */ = {isa = PBXFileReference; includeInIndex = 1; lastKnownFileType = text.xcconfig; name = "Pods-Pokedex.release.xcconfig"; path = "Target Support Files/Pods-Pokedex/Pods-Pokedex.release.xcconfig"; sourceTree = "<group>"; };
		8C300824652535D1007679A3 /* Pods-Pokedex.debug.xcconfig */ = {isa = PBXFileReference; includeInIndex = 1; lastKnownFileType = text.xcconfig; name = "Pods-Pokedex.debug.xcconfig"; path = "Target Support Files/Pods-Pokedex/Pods-Pokedex.debug.xcconfig"; sourceTree = "<group>"; };
		93FEB5016BA5ED953C8345DE /* Pods_Pokedex.framework */ = {isa = PBXFileReference; explicitFileType = wrapper.framework; includeInIndex = 0; path = Pods_Pokedex.framework; sourceTree = BUILT_PRODUCTS_DIR; };
/* End PBXFileReference section */

/* Begin PBXFrameworksBuildPhase section */
		32C200422A3B2EF3006E0DBB /* Frameworks */ = {
			isa = PBXFrameworksBuildPhase;
			buildActionMask = 2147483647;
			files = (
				A5FC94A4831BE5EB97D69C1E /* Pods_Pokedex.framework in Frameworks */,
			);
			runOnlyForDeploymentPostprocessing = 0;
		};
/* End PBXFrameworksBuildPhase section */

/* Begin PBXGroup section */
		320537802A3EEF4A001B0946 /* Views */ = {
			isa = PBXGroup;
			children = (
				320537812A3EEF52001B0946 /* MenuBar.swift */,
				3248177C2A3EFD30004A9762 /* MenuBarCell.swift */,
				327A49D82A401ECF006C3ED3 /* AboutViewCell.swift */,
				327A49DA2A401EEA006C3ED3 /* BaseStatsViewCell.swift */,
				327A49DC2A401F29006C3ED3 /* EvolutionViewCell.swift */,
				327A49DE2A401F3D006C3ED3 /* MovesViewCell.swift */,
			);
			path = Views;
			sourceTree = "<group>";
		};
		3215F7062A3C2B5A00771F8E /* Views */ = {
			isa = PBXGroup;
			children = (
				3215F7072A3C2B7300771F8E /* PokemonCell.swift */,
			);
			path = Views;
			sourceTree = "<group>";
		};
		324A66822A3C4FF400E3254B /* Fonts */ = {
			isa = PBXGroup;
			children = (
				324A66892A3C502100E3254B /* Roboto-Black.ttf */,
				324A668D2A3C502100E3254B /* Roboto-BlackItalic.ttf */,
				324A668B2A3C502100E3254B /* Roboto-Bold.ttf */,
				324A66852A3C502100E3254B /* Roboto-BoldItalic.ttf */,
				324A66862A3C502100E3254B /* Roboto-Italic.ttf */,
				324A668A2A3C502100E3254B /* Roboto-Light.ttf */,
				324A668C2A3C502100E3254B /* Roboto-LightItalic.ttf */,
				324A66872A3C502100E3254B /* Roboto-Medium.ttf */,
				324A66882A3C502100E3254B /* Roboto-MediumItalic.ttf */,
				324A668E2A3C502100E3254B /* Roboto-Regular.ttf */,
				324A66832A3C502100E3254B /* Roboto-Thin.ttf */,
				324A66842A3C502100E3254B /* Roboto-ThinItalic.ttf */,
			);
			path = Fonts;
			sourceTree = "<group>";
		};
		326C73282A3B32A30014B293 /* Models */ = {
			isa = PBXGroup;
			children = (
				326C73392A3B36A90014B293 /* PokemonModel.swift */,
				3215F7092A3C2C2F00771F8E /* Constants.swift */,
				324A669B2A3C510400E3254B /* Fonts.swift */,
				324A669D2A3C5E1900E3254B /* AllPokemonsModel.swift */,
				324A669F2A3C6D2500E3254B /* PokemonViewModel.swift */,
				324A66A12A3C6E5700E3254B /* ErrorModel.swift */,
				324A66A32A3C737800E3254B /* PokemonTypes.swift */,
				323301F72A4042C500B97CCE /* NetworkLayer.swift */,
				32DFE0092A4068BF0068CAA1 /* PokemonStats.swift */,
			);
			path = Models;
			sourceTree = "<group>";
		};
		326C73292A3B32A80014B293 /* Modules */ = {
			isa = PBXGroup;
			children = (
				3281DF6A2A3DBFA800081CEA /* Detailed Pokemon */,
				326C732C2A3B33DD0014B293 /* All Pokemons */,
			);
			path = Modules;
			sourceTree = "<group>";
		};
		326C732A2A3B32C10014B293 /* Application */ = {
			isa = PBXGroup;
			children = (
				32C200482A3B2EF3006E0DBB /* AppDelegate.swift */,
				32C2004A2A3B2EF3006E0DBB /* SceneDelegate.swift */,
				32C200562A3B2EF4006E0DBB /* Info.plist */,
			);
			path = Application;
			sourceTree = "<group>";
		};
		326C732B2A3B32C70014B293 /* Resources */ = {
			isa = PBXGroup;
			children = (
				324A66822A3C4FF400E3254B /* Fonts */,
				32C200512A3B2EF4006E0DBB /* Assets.xcassets */,
			);
			path = Resources;
			sourceTree = "<group>";
		};
		326C732C2A3B33DD0014B293 /* All Pokemons */ = {
			isa = PBXGroup;
			children = (
				3215F7062A3C2B5A00771F8E /* Views */,
				326C732D2A3B34000014B293 /* PokemonsViewController.swift */,
				326C732F2A3B34090014B293 /* PokemonsPresenter.swift */,
				326C73312A3B340F0014B293 /* PokemonsInteractor.swift */,
				326C73332A3B34130014B293 /* PokemonsRouter.swift */,
				326C73352A3B34190014B293 /* PokemonsModuleBuilder.swift */,
				326C73372A3B341E0014B293 /* PokemonsProtocols.swift */,
			);
			path = "All Pokemons";
			sourceTree = "<group>";
		};
		3281DF6A2A3DBFA800081CEA /* Detailed Pokemon */ = {
			isa = PBXGroup;
			children = (
				320537802A3EEF4A001B0946 /* Views */,
				3281DF6B2A3DBFC400081CEA /* DetailedPokemonViewController.swift */,
				3281DF6D2A3DBFD000081CEA /* DetailedPokemonPresenter.swift */,
				3281DF6F2A3DBFD600081CEA /* DetailedPokemonInteractor.swift */,
				3281DF712A3DBFDC00081CEA /* DetailedPokemonRouter.swift */,
				3281DF732A3DBFE200081CEA /* DetailedPokemonModuleBuilder.swift */,
				3281DF752A3DBFF200081CEA /* DetailedPokemonProtocols.swift */,
			);
			path = "Detailed Pokemon";
			sourceTree = "<group>";
		};
		32C2003C2A3B2EF3006E0DBB = {
			isa = PBXGroup;
			children = (
				32C200472A3B2EF3006E0DBB /* Pokedex */,
				32C200462A3B2EF3006E0DBB /* Products */,
				A390849ED454F27F463E42FC /* Pods */,
				7FA16B5142DD05CD15EFD046 /* Frameworks */,
			);
			sourceTree = "<group>";
		};
		32C200462A3B2EF3006E0DBB /* Products */ = {
			isa = PBXGroup;
			children = (
				32C200452A3B2EF3006E0DBB /* Pokedex.app */,
			);
			name = Products;
			sourceTree = "<group>";
		};
		32C200472A3B2EF3006E0DBB /* Pokedex */ = {
			isa = PBXGroup;
			children = (
				326C732B2A3B32C70014B293 /* Resources */,
				326C732A2A3B32C10014B293 /* Application */,
				326C73292A3B32A80014B293 /* Modules */,
				326C73282A3B32A30014B293 /* Models */,
			);
			path = Pokedex;
			sourceTree = "<group>";
		};
		7FA16B5142DD05CD15EFD046 /* Frameworks */ = {
			isa = PBXGroup;
			children = (
				93FEB5016BA5ED953C8345DE /* Pods_Pokedex.framework */,
			);
			name = Frameworks;
			sourceTree = "<group>";
		};
		A390849ED454F27F463E42FC /* Pods */ = {
			isa = PBXGroup;
			children = (
				8C300824652535D1007679A3 /* Pods-Pokedex.debug.xcconfig */,
				49A05CF10AEFB60AB5090B3E /* Pods-Pokedex.release.xcconfig */,
			);
			path = Pods;
			sourceTree = "<group>";
		};
/* End PBXGroup section */

/* Begin PBXNativeTarget section */
		32C200442A3B2EF3006E0DBB /* Pokedex */ = {
			isa = PBXNativeTarget;
			buildConfigurationList = 32C200592A3B2EF4006E0DBB /* Build configuration list for PBXNativeTarget "Pokedex" */;
			buildPhases = (
				2FB37FBFA5B20C378B6DC6ED /* [CP] Check Pods Manifest.lock */,
				32C200412A3B2EF3006E0DBB /* Sources */,
				32C200422A3B2EF3006E0DBB /* Frameworks */,
				32C200432A3B2EF3006E0DBB /* Resources */,
				C55095FFFB3FF0CBA485FC6A /* [CP] Embed Pods Frameworks */,
			);
			buildRules = (
			);
			dependencies = (
			);
			name = Pokedex;
			productName = Pokedex;
			productReference = 32C200452A3B2EF3006E0DBB /* Pokedex.app */;
			productType = "com.apple.product-type.application";
		};
/* End PBXNativeTarget section */

/* Begin PBXProject section */
		32C2003D2A3B2EF3006E0DBB /* Project object */ = {
			isa = PBXProject;
			attributes = {
				BuildIndependentTargetsInParallel = 1;
				LastSwiftUpdateCheck = 1430;
				LastUpgradeCheck = 1430;
				TargetAttributes = {
					32C200442A3B2EF3006E0DBB = {
						CreatedOnToolsVersion = 14.3.1;
					};
				};
			};
			buildConfigurationList = 32C200402A3B2EF3006E0DBB /* Build configuration list for PBXProject "Pokedex" */;
			compatibilityVersion = "Xcode 14.0";
			developmentRegion = en;
			hasScannedForEncodings = 0;
			knownRegions = (
				en,
				Base,
			);
			mainGroup = 32C2003C2A3B2EF3006E0DBB;
			productRefGroup = 32C200462A3B2EF3006E0DBB /* Products */;
			projectDirPath = "";
			projectRoot = "";
			targets = (
				32C200442A3B2EF3006E0DBB /* Pokedex */,
			);
		};
/* End PBXProject section */

/* Begin PBXResourcesBuildPhase section */
		32C200432A3B2EF3006E0DBB /* Resources */ = {
			isa = PBXResourcesBuildPhase;
			buildActionMask = 2147483647;
			files = (
				324A66902A3C502100E3254B /* Roboto-ThinItalic.ttf in Resources */,
				324A66982A3C502100E3254B /* Roboto-LightItalic.ttf in Resources */,
				324A668F2A3C502100E3254B /* Roboto-Thin.ttf in Resources */,
				324A66972A3C502100E3254B /* Roboto-Bold.ttf in Resources */,
				324A66932A3C502100E3254B /* Roboto-Medium.ttf in Resources */,
				324A66952A3C502100E3254B /* Roboto-Black.ttf in Resources */,
				324A66922A3C502100E3254B /* Roboto-Italic.ttf in Resources */,
				324A66992A3C502100E3254B /* Roboto-BlackItalic.ttf in Resources */,
				324A66942A3C502100E3254B /* Roboto-MediumItalic.ttf in Resources */,
				324A66912A3C502100E3254B /* Roboto-BoldItalic.ttf in Resources */,
				324A669A2A3C502100E3254B /* Roboto-Regular.ttf in Resources */,
				32C200522A3B2EF4006E0DBB /* Assets.xcassets in Resources */,
				324A66962A3C502100E3254B /* Roboto-Light.ttf in Resources */,
			);
			runOnlyForDeploymentPostprocessing = 0;
		};
/* End PBXResourcesBuildPhase section */

/* Begin PBXShellScriptBuildPhase section */
		2FB37FBFA5B20C378B6DC6ED /* [CP] Check Pods Manifest.lock */ = {
			isa = PBXShellScriptBuildPhase;
			buildActionMask = 2147483647;
			files = (
			);
			inputFileListPaths = (
			);
			inputPaths = (
				"${PODS_PODFILE_DIR_PATH}/Podfile.lock",
				"${PODS_ROOT}/Manifest.lock",
			);
			name = "[CP] Check Pods Manifest.lock";
			outputFileListPaths = (
			);
			outputPaths = (
				"$(DERIVED_FILE_DIR)/Pods-Pokedex-checkManifestLockResult.txt",
			);
			runOnlyForDeploymentPostprocessing = 0;
			shellPath = /bin/sh;
			shellScript = "diff \"${PODS_PODFILE_DIR_PATH}/Podfile.lock\" \"${PODS_ROOT}/Manifest.lock\" > /dev/null\nif [ $? != 0 ] ; then\n    # print error to STDERR\n    echo \"error: The sandbox is not in sync with the Podfile.lock. Run 'pod install' or update your CocoaPods installation.\" >&2\n    exit 1\nfi\n# This output is used by Xcode 'outputs' to avoid re-running this script phase.\necho \"SUCCESS\" > \"${SCRIPT_OUTPUT_FILE_0}\"\n";
			showEnvVarsInLog = 0;
		};
		C55095FFFB3FF0CBA485FC6A /* [CP] Embed Pods Frameworks */ = {
			isa = PBXShellScriptBuildPhase;
			buildActionMask = 2147483647;
			files = (
			);
			inputFileListPaths = (
				"${PODS_ROOT}/Target Support Files/Pods-Pokedex/Pods-Pokedex-frameworks-${CONFIGURATION}-input-files.xcfilelist",
			);
			name = "[CP] Embed Pods Frameworks";
			outputFileListPaths = (
				"${PODS_ROOT}/Target Support Files/Pods-Pokedex/Pods-Pokedex-frameworks-${CONFIGURATION}-output-files.xcfilelist",
			);
			runOnlyForDeploymentPostprocessing = 0;
			shellPath = /bin/sh;
			shellScript = "\"${PODS_ROOT}/Target Support Files/Pods-Pokedex/Pods-Pokedex-frameworks.sh\"\n";
			showEnvVarsInLog = 0;
		};
/* End PBXShellScriptBuildPhase section */

/* Begin PBXSourcesBuildPhase section */
		32C200412A3B2EF3006E0DBB /* Sources */ = {
			isa = PBXSourcesBuildPhase;
			buildActionMask = 2147483647;
			files = (
				324A66A22A3C6E5700E3254B /* ErrorModel.swift in Sources */,
				3281DF762A3DBFF200081CEA /* DetailedPokemonProtocols.swift in Sources */,
				326C73322A3B340F0014B293 /* PokemonsInteractor.swift in Sources */,
				327A49D92A401ECF006C3ED3 /* AboutViewCell.swift in Sources */,
				3215F70A2A3C2C2F00771F8E /* Constants.swift in Sources */,
				32C200492A3B2EF3006E0DBB /* AppDelegate.swift in Sources */,
				3281DF722A3DBFDC00081CEA /* DetailedPokemonRouter.swift in Sources */,
				3281DF742A3DBFE200081CEA /* DetailedPokemonModuleBuilder.swift in Sources */,
				326C73302A3B34090014B293 /* PokemonsPresenter.swift in Sources */,
				323301F82A4042C500B97CCE /* NetworkLayer.swift in Sources */,
				324A669C2A3C510400E3254B /* Fonts.swift in Sources */,
				326C732E2A3B34000014B293 /* PokemonsViewController.swift in Sources */,
				326C73342A3B34130014B293 /* PokemonsRouter.swift in Sources */,
				3215F7082A3C2B7300771F8E /* PokemonCell.swift in Sources */,
				324A669E2A3C5E1900E3254B /* AllPokemonsModel.swift in Sources */,
				326C73382A3B341E0014B293 /* PokemonsProtocols.swift in Sources */,
				327A49DB2A401EEA006C3ED3 /* BaseStatsViewCell.swift in Sources */,
				3248177D2A3EFD30004A9762 /* MenuBarCell.swift in Sources */,
				324A66A42A3C737800E3254B /* PokemonTypes.swift in Sources */,
				32DFE00A2A4068BF0068CAA1 /* PokemonStats.swift in Sources */,
				324A66A02A3C6D2500E3254B /* PokemonViewModel.swift in Sources */,
				327A49DF2A401F3D006C3ED3 /* MovesViewCell.swift in Sources */,
				327A49DD2A401F29006C3ED3 /* EvolutionViewCell.swift in Sources */,
				32C2004B2A3B2EF3006E0DBB /* SceneDelegate.swift in Sources */,
				320537822A3EEF52001B0946 /* MenuBar.swift in Sources */,
				326C733A2A3B36A90014B293 /* PokemonModel.swift in Sources */,
				326C73362A3B34190014B293 /* PokemonsModuleBuilder.swift in Sources */,
				3281DF702A3DBFD600081CEA /* DetailedPokemonInteractor.swift in Sources */,
				3281DF6E2A3DBFD000081CEA /* DetailedPokemonPresenter.swift in Sources */,
				3281DF6C2A3DBFC400081CEA /* DetailedPokemonViewController.swift in Sources */,
			);
			runOnlyForDeploymentPostprocessing = 0;
		};
/* End PBXSourcesBuildPhase section */

/* Begin XCBuildConfiguration section */
		32C200572A3B2EF4006E0DBB /* Debug */ = {
			isa = XCBuildConfiguration;
			buildSettings = {
				ALWAYS_SEARCH_USER_PATHS = NO;
				CLANG_ANALYZER_NONNULL = YES;
				CLANG_ANALYZER_NUMBER_OBJECT_CONVERSION = YES_AGGRESSIVE;
				CLANG_CXX_LANGUAGE_STANDARD = "gnu++20";
				CLANG_ENABLE_MODULES = YES;
				CLANG_ENABLE_OBJC_ARC = YES;
				CLANG_ENABLE_OBJC_WEAK = YES;
				CLANG_WARN_BLOCK_CAPTURE_AUTORELEASING = YES;
				CLANG_WARN_BOOL_CONVERSION = YES;
				CLANG_WARN_COMMA = YES;
				CLANG_WARN_CONSTANT_CONVERSION = YES;
				CLANG_WARN_DEPRECATED_OBJC_IMPLEMENTATIONS = YES;
				CLANG_WARN_DIRECT_OBJC_ISA_USAGE = YES_ERROR;
				CLANG_WARN_DOCUMENTATION_COMMENTS = YES;
				CLANG_WARN_EMPTY_BODY = YES;
				CLANG_WARN_ENUM_CONVERSION = YES;
				CLANG_WARN_INFINITE_RECURSION = YES;
				CLANG_WARN_INT_CONVERSION = YES;
				CLANG_WARN_NON_LITERAL_NULL_CONVERSION = YES;
				CLANG_WARN_OBJC_IMPLICIT_RETAIN_SELF = YES;
				CLANG_WARN_OBJC_LITERAL_CONVERSION = YES;
				CLANG_WARN_OBJC_ROOT_CLASS = YES_ERROR;
				CLANG_WARN_QUOTED_INCLUDE_IN_FRAMEWORK_HEADER = YES;
				CLANG_WARN_RANGE_LOOP_ANALYSIS = YES;
				CLANG_WARN_STRICT_PROTOTYPES = YES;
				CLANG_WARN_SUSPICIOUS_MOVE = YES;
				CLANG_WARN_UNGUARDED_AVAILABILITY = YES_AGGRESSIVE;
				CLANG_WARN_UNREACHABLE_CODE = YES;
				CLANG_WARN__DUPLICATE_METHOD_MATCH = YES;
				COPY_PHASE_STRIP = NO;
				DEBUG_INFORMATION_FORMAT = dwarf;
				ENABLE_STRICT_OBJC_MSGSEND = YES;
				ENABLE_TESTABILITY = YES;
				GCC_C_LANGUAGE_STANDARD = gnu11;
				GCC_DYNAMIC_NO_PIC = NO;
				GCC_NO_COMMON_BLOCKS = YES;
				GCC_OPTIMIZATION_LEVEL = 0;
				GCC_PREPROCESSOR_DEFINITIONS = (
					"DEBUG=1",
					"$(inherited)",
				);
				GCC_WARN_64_TO_32_BIT_CONVERSION = YES;
				GCC_WARN_ABOUT_RETURN_TYPE = YES_ERROR;
				GCC_WARN_UNDECLARED_SELECTOR = YES;
				GCC_WARN_UNINITIALIZED_AUTOS = YES_AGGRESSIVE;
				GCC_WARN_UNUSED_FUNCTION = YES;
				GCC_WARN_UNUSED_VARIABLE = YES;
				IPHONEOS_DEPLOYMENT_TARGET = 16.4;
				MTL_ENABLE_DEBUG_INFO = INCLUDE_SOURCE;
				MTL_FAST_MATH = YES;
				ONLY_ACTIVE_ARCH = YES;
				SDKROOT = iphoneos;
				SWIFT_ACTIVE_COMPILATION_CONDITIONS = DEBUG;
				SWIFT_OPTIMIZATION_LEVEL = "-Onone";
			};
			name = Debug;
		};
		32C200582A3B2EF4006E0DBB /* Release */ = {
			isa = XCBuildConfiguration;
			buildSettings = {
				ALWAYS_SEARCH_USER_PATHS = NO;
				CLANG_ANALYZER_NONNULL = YES;
				CLANG_ANALYZER_NUMBER_OBJECT_CONVERSION = YES_AGGRESSIVE;
				CLANG_CXX_LANGUAGE_STANDARD = "gnu++20";
				CLANG_ENABLE_MODULES = YES;
				CLANG_ENABLE_OBJC_ARC = YES;
				CLANG_ENABLE_OBJC_WEAK = YES;
				CLANG_WARN_BLOCK_CAPTURE_AUTORELEASING = YES;
				CLANG_WARN_BOOL_CONVERSION = YES;
				CLANG_WARN_COMMA = YES;
				CLANG_WARN_CONSTANT_CONVERSION = YES;
				CLANG_WARN_DEPRECATED_OBJC_IMPLEMENTATIONS = YES;
				CLANG_WARN_DIRECT_OBJC_ISA_USAGE = YES_ERROR;
				CLANG_WARN_DOCUMENTATION_COMMENTS = YES;
				CLANG_WARN_EMPTY_BODY = YES;
				CLANG_WARN_ENUM_CONVERSION = YES;
				CLANG_WARN_INFINITE_RECURSION = YES;
				CLANG_WARN_INT_CONVERSION = YES;
				CLANG_WARN_NON_LITERAL_NULL_CONVERSION = YES;
				CLANG_WARN_OBJC_IMPLICIT_RETAIN_SELF = YES;
				CLANG_WARN_OBJC_LITERAL_CONVERSION = YES;
				CLANG_WARN_OBJC_ROOT_CLASS = YES_ERROR;
				CLANG_WARN_QUOTED_INCLUDE_IN_FRAMEWORK_HEADER = YES;
				CLANG_WARN_RANGE_LOOP_ANALYSIS = YES;
				CLANG_WARN_STRICT_PROTOTYPES = YES;
				CLANG_WARN_SUSPICIOUS_MOVE = YES;
				CLANG_WARN_UNGUARDED_AVAILABILITY = YES_AGGRESSIVE;
				CLANG_WARN_UNREACHABLE_CODE = YES;
				CLANG_WARN__DUPLICATE_METHOD_MATCH = YES;
				COPY_PHASE_STRIP = NO;
				DEBUG_INFORMATION_FORMAT = "dwarf-with-dsym";
				ENABLE_NS_ASSERTIONS = NO;
				ENABLE_STRICT_OBJC_MSGSEND = YES;
				GCC_C_LANGUAGE_STANDARD = gnu11;
				GCC_NO_COMMON_BLOCKS = YES;
				GCC_WARN_64_TO_32_BIT_CONVERSION = YES;
				GCC_WARN_ABOUT_RETURN_TYPE = YES_ERROR;
				GCC_WARN_UNDECLARED_SELECTOR = YES;
				GCC_WARN_UNINITIALIZED_AUTOS = YES_AGGRESSIVE;
				GCC_WARN_UNUSED_FUNCTION = YES;
				GCC_WARN_UNUSED_VARIABLE = YES;
				IPHONEOS_DEPLOYMENT_TARGET = 16.4;
				MTL_ENABLE_DEBUG_INFO = NO;
				MTL_FAST_MATH = YES;
				SDKROOT = iphoneos;
				SWIFT_COMPILATION_MODE = wholemodule;
				SWIFT_OPTIMIZATION_LEVEL = "-O";
				VALIDATE_PRODUCT = YES;
			};
			name = Release;
		};
		32C2005A2A3B2EF4006E0DBB /* Debug */ = {
			isa = XCBuildConfiguration;
			baseConfigurationReference = 8C300824652535D1007679A3 /* Pods-Pokedex.debug.xcconfig */;
			buildSettings = {
				ASSETCATALOG_COMPILER_APPICON_NAME = AppIcon;
				ASSETCATALOG_COMPILER_GLOBAL_ACCENT_COLOR_NAME = AccentColor;
				CODE_SIGN_STYLE = Automatic;
				CURRENT_PROJECT_VERSION = 1;
				DEVELOPMENT_TEAM = 962338348U;
				GENERATE_INFOPLIST_FILE = YES;
				INFOPLIST_FILE = Pokedex/Application/Info.plist;
				INFOPLIST_KEY_UIApplicationSupportsIndirectInputEvents = YES;
				INFOPLIST_KEY_UILaunchStoryboardName = LaunchScreen;
				INFOPLIST_KEY_UISupportedInterfaceOrientations_iPad = "UIInterfaceOrientationPortrait UIInterfaceOrientationPortraitUpsideDown UIInterfaceOrientationLandscapeLeft UIInterfaceOrientationLandscapeRight";
				INFOPLIST_KEY_UISupportedInterfaceOrientations_iPhone = "UIInterfaceOrientationPortrait UIInterfaceOrientationLandscapeLeft UIInterfaceOrientationLandscapeRight";
				IPHONEOS_DEPLOYMENT_TARGET = 16.2;
				LD_RUNPATH_SEARCH_PATHS = (
					"$(inherited)",
					"@executable_path/Frameworks",
				);
				MARKETING_VERSION = 1.0;
				PRODUCT_BUNDLE_IDENTIFIER = com.iskhak.Pokedex;
				PRODUCT_NAME = "$(TARGET_NAME)";
				SWIFT_EMIT_LOC_STRINGS = YES;
				SWIFT_VERSION = 5.0;
				TARGETED_DEVICE_FAMILY = "1,2";
			};
			name = Debug;
		};
		32C2005B2A3B2EF4006E0DBB /* Release */ = {
			isa = XCBuildConfiguration;
			baseConfigurationReference = 49A05CF10AEFB60AB5090B3E /* Pods-Pokedex.release.xcconfig */;
			buildSettings = {
				ASSETCATALOG_COMPILER_APPICON_NAME = AppIcon;
				ASSETCATALOG_COMPILER_GLOBAL_ACCENT_COLOR_NAME = AccentColor;
				CODE_SIGN_STYLE = Automatic;
				CURRENT_PROJECT_VERSION = 1;
				DEVELOPMENT_TEAM = 962338348U;
				GENERATE_INFOPLIST_FILE = YES;
				INFOPLIST_FILE = Pokedex/Application/Info.plist;
				INFOPLIST_KEY_UIApplicationSupportsIndirectInputEvents = YES;
				INFOPLIST_KEY_UILaunchStoryboardName = LaunchScreen;
				INFOPLIST_KEY_UISupportedInterfaceOrientations_iPad = "UIInterfaceOrientationPortrait UIInterfaceOrientationPortraitUpsideDown UIInterfaceOrientationLandscapeLeft UIInterfaceOrientationLandscapeRight";
				INFOPLIST_KEY_UISupportedInterfaceOrientations_iPhone = "UIInterfaceOrientationPortrait UIInterfaceOrientationLandscapeLeft UIInterfaceOrientationLandscapeRight";
				IPHONEOS_DEPLOYMENT_TARGET = 16.2;
				LD_RUNPATH_SEARCH_PATHS = (
					"$(inherited)",
					"@executable_path/Frameworks",
				);
				MARKETING_VERSION = 1.0;
				PRODUCT_BUNDLE_IDENTIFIER = com.iskhak.Pokedex;
				PRODUCT_NAME = "$(TARGET_NAME)";
				SWIFT_EMIT_LOC_STRINGS = YES;
				SWIFT_VERSION = 5.0;
				TARGETED_DEVICE_FAMILY = "1,2";
			};
			name = Release;
		};
/* End XCBuildConfiguration section */

/* Begin XCConfigurationList section */
		32C200402A3B2EF3006E0DBB /* Build configuration list for PBXProject "Pokedex" */ = {
			isa = XCConfigurationList;
			buildConfigurations = (
				32C200572A3B2EF4006E0DBB /* Debug */,
				32C200582A3B2EF4006E0DBB /* Release */,
			);
			defaultConfigurationIsVisible = 0;
			defaultConfigurationName = Release;
		};
		32C200592A3B2EF4006E0DBB /* Build configuration list for PBXNativeTarget "Pokedex" */ = {
			isa = XCConfigurationList;
			buildConfigurations = (
				32C2005A2A3B2EF4006E0DBB /* Debug */,
				32C2005B2A3B2EF4006E0DBB /* Release */,
			);
			defaultConfigurationIsVisible = 0;
			defaultConfigurationName = Release;
		};
/* End XCConfigurationList section */
	};
	rootObject = 32C2003D2A3B2EF3006E0DBB /* Project object */;
}
